// !$*UTF8*$!
{
	archiveVersion = 1;
	classes = {
	};
	objectVersion = 48;
	objects = {

/* Begin PBXBuildFile section */
		1A3E44EE686E3BBBD8F8C1B2 /* Pods_TheHerbalEscape.framework in Frameworks */ = {isa = PBXBuildFile; fileRef = A6847C45EA1817D05B727DC6 /* Pods_TheHerbalEscape.framework */; };
		939C84065FD5E1D3D62984BF /* Pods_TheHerbalEscapeTests.framework in Frameworks */ = {isa = PBXBuildFile; fileRef = D1441C67092958C3BDD1B364 /* Pods_TheHerbalEscapeTests.framework */; };
		D31749A41FD3326500CB2942 /* BrowserContentElement.swift in Sources */ = {isa = PBXBuildFile; fileRef = D31749A31FD3326500CB2942 /* BrowserContentElement.swift */; };
		D321EE821FD42B8F0082E8B9 /* BrowserImage.swift in Sources */ = {isa = PBXBuildFile; fileRef = D321EE811FD42B8F0082E8B9 /* BrowserImage.swift */; };
		D321EE861FD4300A0082E8B9 /* EmptyBrowsable.swift in Sources */ = {isa = PBXBuildFile; fileRef = D321EE851FD4300A0082E8B9 /* EmptyBrowsable.swift */; };
		D32BCB491FCB1DF000BE0A22 /* Flashcards.storyboard in Resources */ = {isa = PBXBuildFile; fileRef = D32BCB481FCB1DF000BE0A22 /* Flashcards.storyboard */; };
		D34C85E81FD0D80A0083B9E0 /* Plant.swift in Sources */ = {isa = PBXBuildFile; fileRef = D34C85E71FD0D80A0083B9E0 /* Plant.swift */; };
		D34C85EA1FD0D8840083B9E0 /* BrowserContentSection.swift in Sources */ = {isa = PBXBuildFile; fileRef = D34C85E91FD0D8840083B9E0 /* BrowserContentSection.swift */; };
		D34C85ED1FD0DA080083B9E0 /* Json.swift in Sources */ = {isa = PBXBuildFile; fileRef = D34C85EC1FD0DA080083B9E0 /* Json.swift */; };
		D3569AFC1FC972000038EE6F /* Regexes.swift in Sources */ = {isa = PBXBuildFile; fileRef = D3569AFB1FC972000038EE6F /* Regexes.swift */; };
		D3569B0B1FC983010038EE6F /* CodingError.swift in Sources */ = {isa = PBXBuildFile; fileRef = D3569B0A1FC983010038EE6F /* CodingError.swift */; };
		D3569B111FC986E30038EE6F /* StoryboardIdentifiers.swift in Sources */ = {isa = PBXBuildFile; fileRef = D3569B101FC986E30038EE6F /* StoryboardIdentifiers.swift */; };
		D3569B131FC997720038EE6F /* Experiences.swift in Sources */ = {isa = PBXBuildFile; fileRef = D3569B121FC997720038EE6F /* Experiences.swift */; };
		D3569B151FC9B82F0038EE6F /* BrowserMasterViewController.swift in Sources */ = {isa = PBXBuildFile; fileRef = D3569B141FC9B82F0038EE6F /* BrowserMasterViewController.swift */; };
		D3569B171FC9B8AF0038EE6F /* BrowsableClient.swift in Sources */ = {isa = PBXBuildFile; fileRef = D3569B161FC9B8AF0038EE6F /* BrowsableClient.swift */; };
		D3569B191FC9BE4A0038EE6F /* ContentRepository.swift in Sources */ = {isa = PBXBuildFile; fileRef = D3569B181FC9BE4A0038EE6F /* ContentRepository.swift */; };
		D3569B1B1FC9FB580038EE6F /* Colors.swift in Sources */ = {isa = PBXBuildFile; fileRef = D3569B1A1FC9FB580038EE6F /* Colors.swift */; };
		D3569B211FCA37420038EE6F /* FontSizes.swift in Sources */ = {isa = PBXBuildFile; fileRef = D3569B201FCA37420038EE6F /* FontSizes.swift */; };
		D3569B231FCA3A2B0038EE6F /* FontNames.swift in Sources */ = {isa = PBXBuildFile; fileRef = D3569B221FCA3A2B0038EE6F /* FontNames.swift */; };
		D3569B271FCA4EF10038EE6F /* LinkHandler.swift in Sources */ = {isa = PBXBuildFile; fileRef = D3569B261FCA4EF10038EE6F /* LinkHandler.swift */; };
		D3569B291FCA4FEC0038EE6F /* LinkHandlerClient.swift in Sources */ = {isa = PBXBuildFile; fileRef = D3569B281FCA4FEC0038EE6F /* LinkHandlerClient.swift */; };
		D35B0A881FD2E98E00BD1F8F /* BrowserTextLayout.swift in Sources */ = {isa = PBXBuildFile; fileRef = D35B0A871FD2E98E00BD1F8F /* BrowserTextLayout.swift */; };
		D35B0A8A1FD2EA0800BD1F8F /* BrowserTextTests.swift in Sources */ = {isa = PBXBuildFile; fileRef = D35B0A891FD2EA0800BD1F8F /* BrowserTextTests.swift */; };
		D35B0A8C1FD2ED1100BD1F8F /* BrowserTextParagraph.swift in Sources */ = {isa = PBXBuildFile; fileRef = D35B0A8B1FD2ED1100BD1F8F /* BrowserTextParagraph.swift */; };
		D394CC041FCB2B5200945D5A /* BrowserContentPageTableViewController.swift in Sources */ = {isa = PBXBuildFile; fileRef = D394CC031FCB2B5200945D5A /* BrowserContentPageTableViewController.swift */; };
		D394CC0C1FCB2FD100945D5A /* BrowserContentPageImageTableViewCell.swift in Sources */ = {isa = PBXBuildFile; fileRef = D394CC0B1FCB2FD100945D5A /* BrowserContentPageImageTableViewCell.swift */; };
		D394CC101FCB2FF200945D5A /* BrowserContentPageTextTableViewCell.swift in Sources */ = {isa = PBXBuildFile; fileRef = D394CC0F1FCB2FF200945D5A /* BrowserContentPageTextTableViewCell.swift */; };
		D394CC161FCB8DBB00945D5A /* FlashcardProgressModel.swift in Sources */ = {isa = PBXBuildFile; fileRef = D394CC151FCB8DBB00945D5A /* FlashcardProgressModel.swift */; };
		D394CC191FCB912E00945D5A /* ProgressController.swift in Sources */ = {isa = PBXBuildFile; fileRef = D394CC181FCB912E00945D5A /* ProgressController.swift */; };
		D3B86E7A1FC8A8C300DF1723 /* AppDelegate.swift in Sources */ = {isa = PBXBuildFile; fileRef = D3B86E791FC8A8C300DF1723 /* AppDelegate.swift */; };
		D3B86E7F1FC8A8C300DF1723 /* Main.storyboard in Resources */ = {isa = PBXBuildFile; fileRef = D3B86E7D1FC8A8C300DF1723 /* Main.storyboard */; };
		D3B86E821FC8A8C300DF1723 /* TheHerbalEscape.xcdatamodeld in Sources */ = {isa = PBXBuildFile; fileRef = D3B86E801FC8A8C300DF1723 /* TheHerbalEscape.xcdatamodeld */; };
		D3B86E841FC8A8C300DF1723 /* Assets.xcassets in Resources */ = {isa = PBXBuildFile; fileRef = D3B86E831FC8A8C300DF1723 /* Assets.xcassets */; };
		D3B86E871FC8A8C300DF1723 /* LaunchScreen.storyboard in Resources */ = {isa = PBXBuildFile; fileRef = D3B86E851FC8A8C300DF1723 /* LaunchScreen.storyboard */; };
		D3B86E921FC8A8C300DF1723 /* TheHerbalEscapeTests.swift in Sources */ = {isa = PBXBuildFile; fileRef = D3B86E911FC8A8C300DF1723 /* TheHerbalEscapeTests.swift */; };
		D3B86E9D1FC8A8C300DF1723 /* TheHerbalEscapeUITests.swift in Sources */ = {isa = PBXBuildFile; fileRef = D3B86E9C1FC8A8C300DF1723 /* TheHerbalEscapeUITests.swift */; };
		D3C1A5711FD2F74000C60824 /* BrowserTextLink.swift in Sources */ = {isa = PBXBuildFile; fileRef = D3C1A5701FD2F74000C60824 /* BrowserTextLink.swift */; };
		D3C1A5731FD2F76F00C60824 /* BrowserTextHighlight.swift in Sources */ = {isa = PBXBuildFile; fileRef = D3C1A5721FD2F76F00C60824 /* BrowserTextHighlight.swift */; };
		D3C1A5751FD2F78100C60824 /* BrowserTextHighlightType.swift in Sources */ = {isa = PBXBuildFile; fileRef = D3C1A5741FD2F78100C60824 /* BrowserTextHighlightType.swift */; };
		D3C1A5771FD2FB0D00C60824 /* String.swift in Sources */ = {isa = PBXBuildFile; fileRef = D3C1A5761FD2FB0D00C60824 /* String.swift */; };
		D3CDE0351FCF42C5004DD8C4 /* MainViewController.swift in Sources */ = {isa = PBXBuildFile; fileRef = D3CDE0341FCF42C5004DD8C4 /* MainViewController.swift */; };
		D3CDE0371FCF4396004DD8C4 /* MenuButton.swift in Sources */ = {isa = PBXBuildFile; fileRef = D3CDE0361FCF4396004DD8C4 /* MenuButton.swift */; };
		D3DBF1A31FCCA52F00A014F9 /* IFlashcardSession.swift in Sources */ = {isa = PBXBuildFile; fileRef = D3DBF1A21FCCA52F00A014F9 /* IFlashcardSession.swift */; };
		D3DBF1A51FCCA5DB00A014F9 /* FlashcardDifficulty.swift in Sources */ = {isa = PBXBuildFile; fileRef = D3DBF1A41FCCA5DB00A014F9 /* FlashcardDifficulty.swift */; };
		D3DBF1A71FCCA6D200A014F9 /* FlashcardSessionCard.swift in Sources */ = {isa = PBXBuildFile; fileRef = D3DBF1A61FCCA6D200A014F9 /* FlashcardSessionCard.swift */; };
		D3DBF1A91FCCA7F300A014F9 /* FlashcardSessionCardSide.swift in Sources */ = {isa = PBXBuildFile; fileRef = D3DBF1A81FCCA7F300A014F9 /* FlashcardSessionCardSide.swift */; };
		D3DBF1AB1FCCAAA200A014F9 /* FlashcardsViewController.swift in Sources */ = {isa = PBXBuildFile; fileRef = D3DBF1AA1FCCAAA200A014F9 /* FlashcardsViewController.swift */; };
		D3DBF1AE1FCCBBD300A014F9 /* DataController.swift in Sources */ = {isa = PBXBuildFile; fileRef = D3DBF1AD1FCCBBD300A014F9 /* DataController.swift */; };
		D3DBF1B01FCCBBF500A014F9 /* IDataController.swift in Sources */ = {isa = PBXBuildFile; fileRef = D3DBF1AF1FCCBBF500A014F9 /* IDataController.swift */; };
		D3DBF1B21FCCBC1800A014F9 /* CoreDataConstants.swift in Sources */ = {isa = PBXBuildFile; fileRef = D3DBF1B11FCCBC1800A014F9 /* CoreDataConstants.swift */; };
		D3DBF1B41FCCBCDE00A014F9 /* iFlashcardProgressModel.swift in Sources */ = {isa = PBXBuildFile; fileRef = D3DBF1B31FCCBCDE00A014F9 /* iFlashcardProgressModel.swift */; };
		D3DBF1B61FCCC4DA00A014F9 /* IContentRepository.swift in Sources */ = {isa = PBXBuildFile; fileRef = D3DBF1B51FCCC4DA00A014F9 /* IContentRepository.swift */; };
		D3E5EA001FC8E8DC00E27037 /* Browsable.swift in Sources */ = {isa = PBXBuildFile; fileRef = D3E5E9FF1FC8E8DC00E27037 /* Browsable.swift */; };
		D3E5EA0A1FC8EE7F00E27037 /* Settings.bundle in Resources */ = {isa = PBXBuildFile; fileRef = D3E5EA091FC8EE7F00E27037 /* Settings.bundle */; };
		D3E5EA0F1FC8F45500E27037 /* Browser.storyboard in Resources */ = {isa = PBXBuildFile; fileRef = D3E5EA0E1FC8F45500E27037 /* Browser.storyboard */; };
		D3E5EA121FC8F49500E27037 /* ReuseIdentifiers.swift in Sources */ = {isa = PBXBuildFile; fileRef = D3E5EA111FC8F49500E27037 /* ReuseIdentifiers.swift */; };
		D3E5EA141FC8F4A000E27037 /* SegueIdentifiers.swift in Sources */ = {isa = PBXBuildFile; fileRef = D3E5EA131FC8F4A000E27037 /* SegueIdentifiers.swift */; };
		D3E5EA161FC8F4DF00E27037 /* BrowserTableViewController.swift in Sources */ = {isa = PBXBuildFile; fileRef = D3E5EA151FC8F4DF00E27037 /* BrowserTableViewController.swift */; };
		D3E5EA181FC8FC0200E27037 /* BrowserTableViewCell.swift in Sources */ = {isa = PBXBuildFile; fileRef = D3E5EA171FC8FC0200E27037 /* BrowserTableViewCell.swift */; };
		D3E5EA1A1FC905B200E27037 /* TextUtilities.swift in Sources */ = {isa = PBXBuildFile; fileRef = D3E5EA191FC905B200E27037 /* TextUtilities.swift */; };
		D3E9C69D1FCCCBBE0052CE46 /* FlashcardSessionTests.swift in Sources */ = {isa = PBXBuildFile; fileRef = D3E9C69C1FCCCBBE0052CE46 /* FlashcardSessionTests.swift */; };
		D3F23E0B1FD436090061725D /* BrowserTitleHeaderView.swift in Sources */ = {isa = PBXBuildFile; fileRef = D3F23E0A1FD436090061725D /* BrowserTitleHeaderView.swift */; };
		D3F23E0D1FD4361E0061725D /* BrowserCollapsibleHeaderView.swift in Sources */ = {isa = PBXBuildFile; fileRef = D3F23E0C1FD4361E0061725D /* BrowserCollapsibleHeaderView.swift */; };
		D3F23E0F1FD436660061725D /* BrowserCollapsibleHeaderView.xib in Resources */ = {isa = PBXBuildFile; fileRef = D3F23E0E1FD436660061725D /* BrowserCollapsibleHeaderView.xib */; };
		D3F23E111FD436750061725D /* BrowserTitleHeaderView.xib in Resources */ = {isa = PBXBuildFile; fileRef = D3F23E101FD436750061725D /* BrowserTitleHeaderView.xib */; };
		D3FC30581FD4A4BB005E581D /* BrowserContentMarkdownSection.swift in Sources */ = {isa = PBXBuildFile; fileRef = D3FC30571FD4A4BB005E581D /* BrowserContentMarkdownSection.swift */; };
		D3FC305A1FD4AC60005E581D /* CollapseHandler.swift in Sources */ = {isa = PBXBuildFile; fileRef = D3FC30591FD4AC60005E581D /* CollapseHandler.swift */; };
		D3FC30691FD4B099005E581D /* LevelOne.bundle in Resources */ = {isa = PBXBuildFile; fileRef = D3FC30681FD4B098005E581D /* LevelOne.bundle */; };
		EA3B76004C724BC9208D9AEE /* Pods_TheHerbalEscapeUITests.framework in Frameworks */ = {isa = PBXBuildFile; fileRef = 091649DB1DEEE8EFF8CF671A /* Pods_TheHerbalEscapeUITests.framework */; };
/* End PBXBuildFile section */

/* Begin PBXContainerItemProxy section */
		D3B86E8E1FC8A8C300DF1723 /* PBXContainerItemProxy */ = {
			isa = PBXContainerItemProxy;
			containerPortal = D3B86E6E1FC8A8C200DF1723 /* Project object */;
			proxyType = 1;
			remoteGlobalIDString = D3B86E751FC8A8C200DF1723;
			remoteInfo = TheHerbalEscape;
		};
		D3B86E991FC8A8C300DF1723 /* PBXContainerItemProxy */ = {
			isa = PBXContainerItemProxy;
			containerPortal = D3B86E6E1FC8A8C200DF1723 /* Project object */;
			proxyType = 1;
			remoteGlobalIDString = D3B86E751FC8A8C200DF1723;
			remoteInfo = TheHerbalEscape;
		};
/* End PBXContainerItemProxy section */

/* Begin PBXFileReference section */
		091649DB1DEEE8EFF8CF671A /* Pods_TheHerbalEscapeUITests.framework */ = {isa = PBXFileReference; explicitFileType = wrapper.framework; includeInIndex = 0; path = Pods_TheHerbalEscapeUITests.framework; sourceTree = BUILT_PRODUCTS_DIR; };
		24DD31FBDB0516B3EDDFC5CC /* Pods-TheHerbalEscapeTests.release.xcconfig */ = {isa = PBXFileReference; includeInIndex = 1; lastKnownFileType = text.xcconfig; name = "Pods-TheHerbalEscapeTests.release.xcconfig"; path = "Pods/Target Support Files/Pods-TheHerbalEscapeTests/Pods-TheHerbalEscapeTests.release.xcconfig"; sourceTree = "<group>"; };
		3EFB08A9D57FA54A6F064A69 /* Pods-TheHerbalEscapeTests.debug.xcconfig */ = {isa = PBXFileReference; includeInIndex = 1; lastKnownFileType = text.xcconfig; name = "Pods-TheHerbalEscapeTests.debug.xcconfig"; path = "Pods/Target Support Files/Pods-TheHerbalEscapeTests/Pods-TheHerbalEscapeTests.debug.xcconfig"; sourceTree = "<group>"; };
		83024B29B84E848EF667612E /* Pods-TheHerbalEscape.release.xcconfig */ = {isa = PBXFileReference; includeInIndex = 1; lastKnownFileType = text.xcconfig; name = "Pods-TheHerbalEscape.release.xcconfig"; path = "Pods/Target Support Files/Pods-TheHerbalEscape/Pods-TheHerbalEscape.release.xcconfig"; sourceTree = "<group>"; };
		A6847C45EA1817D05B727DC6 /* Pods_TheHerbalEscape.framework */ = {isa = PBXFileReference; explicitFileType = wrapper.framework; includeInIndex = 0; path = Pods_TheHerbalEscape.framework; sourceTree = BUILT_PRODUCTS_DIR; };
		D1441C67092958C3BDD1B364 /* Pods_TheHerbalEscapeTests.framework */ = {isa = PBXFileReference; explicitFileType = wrapper.framework; includeInIndex = 0; path = Pods_TheHerbalEscapeTests.framework; sourceTree = BUILT_PRODUCTS_DIR; };
		D31749A31FD3326500CB2942 /* BrowserContentElement.swift */ = {isa = PBXFileReference; lastKnownFileType = sourcecode.swift; path = BrowserContentElement.swift; sourceTree = "<group>"; };
		D321EE811FD42B8F0082E8B9 /* BrowserImage.swift */ = {isa = PBXFileReference; lastKnownFileType = sourcecode.swift; path = BrowserImage.swift; sourceTree = "<group>"; };
		D321EE851FD4300A0082E8B9 /* EmptyBrowsable.swift */ = {isa = PBXFileReference; lastKnownFileType = sourcecode.swift; path = EmptyBrowsable.swift; sourceTree = "<group>"; };
		D32BCB481FCB1DF000BE0A22 /* Flashcards.storyboard */ = {isa = PBXFileReference; lastKnownFileType = file.storyboard; path = Flashcards.storyboard; sourceTree = "<group>"; };
		D34C85E71FD0D80A0083B9E0 /* Plant.swift */ = {isa = PBXFileReference; lastKnownFileType = sourcecode.swift; path = Plant.swift; sourceTree = "<group>"; };
		D34C85E91FD0D8840083B9E0 /* BrowserContentSection.swift */ = {isa = PBXFileReference; lastKnownFileType = sourcecode.swift; path = BrowserContentSection.swift; sourceTree = "<group>"; };
		D34C85EC1FD0DA080083B9E0 /* Json.swift */ = {isa = PBXFileReference; lastKnownFileType = sourcecode.swift; path = Json.swift; sourceTree = "<group>"; };
		D3569AFB1FC972000038EE6F /* Regexes.swift */ = {isa = PBXFileReference; lastKnownFileType = sourcecode.swift; path = Regexes.swift; sourceTree = "<group>"; };
		D3569B0A1FC983010038EE6F /* CodingError.swift */ = {isa = PBXFileReference; lastKnownFileType = sourcecode.swift; path = CodingError.swift; sourceTree = "<group>"; };
		D3569B101FC986E30038EE6F /* StoryboardIdentifiers.swift */ = {isa = PBXFileReference; lastKnownFileType = sourcecode.swift; path = StoryboardIdentifiers.swift; sourceTree = "<group>"; };
		D3569B121FC997720038EE6F /* Experiences.swift */ = {isa = PBXFileReference; lastKnownFileType = sourcecode.swift; path = Experiences.swift; sourceTree = "<group>"; };
		D3569B141FC9B82F0038EE6F /* BrowserMasterViewController.swift */ = {isa = PBXFileReference; lastKnownFileType = sourcecode.swift; path = BrowserMasterViewController.swift; sourceTree = "<group>"; };
		D3569B161FC9B8AF0038EE6F /* BrowsableClient.swift */ = {isa = PBXFileReference; lastKnownFileType = sourcecode.swift; path = BrowsableClient.swift; sourceTree = "<group>"; };
		D3569B181FC9BE4A0038EE6F /* ContentRepository.swift */ = {isa = PBXFileReference; lastKnownFileType = sourcecode.swift; path = ContentRepository.swift; sourceTree = "<group>"; };
		D3569B1A1FC9FB580038EE6F /* Colors.swift */ = {isa = PBXFileReference; lastKnownFileType = sourcecode.swift; path = Colors.swift; sourceTree = "<group>"; };
		D3569B201FCA37420038EE6F /* FontSizes.swift */ = {isa = PBXFileReference; lastKnownFileType = sourcecode.swift; path = FontSizes.swift; sourceTree = "<group>"; };
		D3569B221FCA3A2B0038EE6F /* FontNames.swift */ = {isa = PBXFileReference; lastKnownFileType = sourcecode.swift; path = FontNames.swift; sourceTree = "<group>"; };
		D3569B261FCA4EF10038EE6F /* LinkHandler.swift */ = {isa = PBXFileReference; lastKnownFileType = sourcecode.swift; path = LinkHandler.swift; sourceTree = "<group>"; };
		D3569B281FCA4FEC0038EE6F /* LinkHandlerClient.swift */ = {isa = PBXFileReference; lastKnownFileType = sourcecode.swift; path = LinkHandlerClient.swift; sourceTree = "<group>"; };
		D35B0A871FD2E98E00BD1F8F /* BrowserTextLayout.swift */ = {isa = PBXFileReference; lastKnownFileType = sourcecode.swift; path = BrowserTextLayout.swift; sourceTree = "<group>"; };
		D35B0A891FD2EA0800BD1F8F /* BrowserTextTests.swift */ = {isa = PBXFileReference; lastKnownFileType = sourcecode.swift; path = BrowserTextTests.swift; sourceTree = "<group>"; };
		D35B0A8B1FD2ED1100BD1F8F /* BrowserTextParagraph.swift */ = {isa = PBXFileReference; lastKnownFileType = sourcecode.swift; path = BrowserTextParagraph.swift; sourceTree = "<group>"; };
		D394CC031FCB2B5200945D5A /* BrowserContentPageTableViewController.swift */ = {isa = PBXFileReference; lastKnownFileType = sourcecode.swift; path = BrowserContentPageTableViewController.swift; sourceTree = "<group>"; };
		D394CC0B1FCB2FD100945D5A /* BrowserContentPageImageTableViewCell.swift */ = {isa = PBXFileReference; lastKnownFileType = sourcecode.swift; path = BrowserContentPageImageTableViewCell.swift; sourceTree = "<group>"; };
		D394CC0F1FCB2FF200945D5A /* BrowserContentPageTextTableViewCell.swift */ = {isa = PBXFileReference; lastKnownFileType = sourcecode.swift; path = BrowserContentPageTextTableViewCell.swift; sourceTree = "<group>"; };
		D394CC151FCB8DBB00945D5A /* FlashcardProgressModel.swift */ = {isa = PBXFileReference; lastKnownFileType = sourcecode.swift; path = FlashcardProgressModel.swift; sourceTree = "<group>"; };
		D394CC181FCB912E00945D5A /* ProgressController.swift */ = {isa = PBXFileReference; lastKnownFileType = sourcecode.swift; path = ProgressController.swift; sourceTree = "<group>"; };
		D3B86E761FC8A8C300DF1723 /* TheHerbalEscape.app */ = {isa = PBXFileReference; explicitFileType = wrapper.application; includeInIndex = 0; path = TheHerbalEscape.app; sourceTree = BUILT_PRODUCTS_DIR; };
		D3B86E791FC8A8C300DF1723 /* AppDelegate.swift */ = {isa = PBXFileReference; lastKnownFileType = sourcecode.swift; path = AppDelegate.swift; sourceTree = "<group>"; };
		D3B86E7E1FC8A8C300DF1723 /* Base */ = {isa = PBXFileReference; lastKnownFileType = file.storyboard; name = Base; path = Base.lproj/Main.storyboard; sourceTree = "<group>"; };
		D3B86E811FC8A8C300DF1723 /* TheHerbalEscape.xcdatamodel */ = {isa = PBXFileReference; lastKnownFileType = wrapper.xcdatamodel; path = TheHerbalEscape.xcdatamodel; sourceTree = "<group>"; };
		D3B86E831FC8A8C300DF1723 /* Assets.xcassets */ = {isa = PBXFileReference; lastKnownFileType = folder.assetcatalog; path = Assets.xcassets; sourceTree = "<group>"; };
		D3B86E861FC8A8C300DF1723 /* Base */ = {isa = PBXFileReference; lastKnownFileType = file.storyboard; name = Base; path = Base.lproj/LaunchScreen.storyboard; sourceTree = "<group>"; };
		D3B86E881FC8A8C300DF1723 /* Info.plist */ = {isa = PBXFileReference; lastKnownFileType = text.plist.xml; path = Info.plist; sourceTree = "<group>"; };
		D3B86E8D1FC8A8C300DF1723 /* TheHerbalEscapeTests.xctest */ = {isa = PBXFileReference; explicitFileType = wrapper.cfbundle; includeInIndex = 0; path = TheHerbalEscapeTests.xctest; sourceTree = BUILT_PRODUCTS_DIR; };
		D3B86E911FC8A8C300DF1723 /* TheHerbalEscapeTests.swift */ = {isa = PBXFileReference; lastKnownFileType = sourcecode.swift; path = TheHerbalEscapeTests.swift; sourceTree = "<group>"; };
		D3B86E931FC8A8C300DF1723 /* Info.plist */ = {isa = PBXFileReference; lastKnownFileType = text.plist.xml; path = Info.plist; sourceTree = "<group>"; };
		D3B86E981FC8A8C300DF1723 /* TheHerbalEscapeUITests.xctest */ = {isa = PBXFileReference; explicitFileType = wrapper.cfbundle; includeInIndex = 0; path = TheHerbalEscapeUITests.xctest; sourceTree = BUILT_PRODUCTS_DIR; };
		D3B86E9C1FC8A8C300DF1723 /* TheHerbalEscapeUITests.swift */ = {isa = PBXFileReference; lastKnownFileType = sourcecode.swift; path = TheHerbalEscapeUITests.swift; sourceTree = "<group>"; };
		D3B86E9E1FC8A8C300DF1723 /* Info.plist */ = {isa = PBXFileReference; lastKnownFileType = text.plist.xml; path = Info.plist; sourceTree = "<group>"; };
		D3C1A5701FD2F74000C60824 /* BrowserTextLink.swift */ = {isa = PBXFileReference; lastKnownFileType = sourcecode.swift; path = BrowserTextLink.swift; sourceTree = "<group>"; };
		D3C1A5721FD2F76F00C60824 /* BrowserTextHighlight.swift */ = {isa = PBXFileReference; lastKnownFileType = sourcecode.swift; path = BrowserTextHighlight.swift; sourceTree = "<group>"; };
		D3C1A5741FD2F78100C60824 /* BrowserTextHighlightType.swift */ = {isa = PBXFileReference; lastKnownFileType = sourcecode.swift; path = BrowserTextHighlightType.swift; sourceTree = "<group>"; };
		D3C1A5761FD2FB0D00C60824 /* String.swift */ = {isa = PBXFileReference; lastKnownFileType = sourcecode.swift; path = String.swift; sourceTree = "<group>"; };
		D3CDE0341FCF42C5004DD8C4 /* MainViewController.swift */ = {isa = PBXFileReference; lastKnownFileType = sourcecode.swift; path = MainViewController.swift; sourceTree = "<group>"; };
		D3CDE0361FCF4396004DD8C4 /* MenuButton.swift */ = {isa = PBXFileReference; lastKnownFileType = sourcecode.swift; path = MenuButton.swift; sourceTree = "<group>"; };
		D3DBF1A21FCCA52F00A014F9 /* IFlashcardSession.swift */ = {isa = PBXFileReference; lastKnownFileType = sourcecode.swift; path = IFlashcardSession.swift; sourceTree = "<group>"; };
		D3DBF1A41FCCA5DB00A014F9 /* FlashcardDifficulty.swift */ = {isa = PBXFileReference; lastKnownFileType = sourcecode.swift; path = FlashcardDifficulty.swift; sourceTree = "<group>"; };
		D3DBF1A61FCCA6D200A014F9 /* FlashcardSessionCard.swift */ = {isa = PBXFileReference; lastKnownFileType = sourcecode.swift; path = FlashcardSessionCard.swift; sourceTree = "<group>"; };
		D3DBF1A81FCCA7F300A014F9 /* FlashcardSessionCardSide.swift */ = {isa = PBXFileReference; lastKnownFileType = sourcecode.swift; path = FlashcardSessionCardSide.swift; sourceTree = "<group>"; };
		D3DBF1AA1FCCAAA200A014F9 /* FlashcardsViewController.swift */ = {isa = PBXFileReference; lastKnownFileType = sourcecode.swift; path = FlashcardsViewController.swift; sourceTree = "<group>"; };
		D3DBF1AD1FCCBBD300A014F9 /* DataController.swift */ = {isa = PBXFileReference; lastKnownFileType = sourcecode.swift; path = DataController.swift; sourceTree = "<group>"; };
		D3DBF1AF1FCCBBF500A014F9 /* IDataController.swift */ = {isa = PBXFileReference; lastKnownFileType = sourcecode.swift; path = IDataController.swift; sourceTree = "<group>"; };
		D3DBF1B11FCCBC1800A014F9 /* CoreDataConstants.swift */ = {isa = PBXFileReference; lastKnownFileType = sourcecode.swift; path = CoreDataConstants.swift; sourceTree = "<group>"; };
		D3DBF1B31FCCBCDE00A014F9 /* iFlashcardProgressModel.swift */ = {isa = PBXFileReference; lastKnownFileType = sourcecode.swift; path = iFlashcardProgressModel.swift; sourceTree = "<group>"; };
		D3DBF1B51FCCC4DA00A014F9 /* IContentRepository.swift */ = {isa = PBXFileReference; lastKnownFileType = sourcecode.swift; path = IContentRepository.swift; sourceTree = "<group>"; };
		D3E5E9FF1FC8E8DC00E27037 /* Browsable.swift */ = {isa = PBXFileReference; lastKnownFileType = sourcecode.swift; path = Browsable.swift; sourceTree = "<group>"; };
		D3E5EA091FC8EE7F00E27037 /* Settings.bundle */ = {isa = PBXFileReference; lastKnownFileType = "wrapper.plug-in"; path = Settings.bundle; sourceTree = "<group>"; };
		D3E5EA0E1FC8F45500E27037 /* Browser.storyboard */ = {isa = PBXFileReference; lastKnownFileType = file.storyboard; path = Browser.storyboard; sourceTree = "<group>"; };
		D3E5EA111FC8F49500E27037 /* ReuseIdentifiers.swift */ = {isa = PBXFileReference; lastKnownFileType = sourcecode.swift; path = ReuseIdentifiers.swift; sourceTree = "<group>"; };
		D3E5EA131FC8F4A000E27037 /* SegueIdentifiers.swift */ = {isa = PBXFileReference; lastKnownFileType = sourcecode.swift; path = SegueIdentifiers.swift; sourceTree = "<group>"; };
		D3E5EA151FC8F4DF00E27037 /* BrowserTableViewController.swift */ = {isa = PBXFileReference; lastKnownFileType = sourcecode.swift; path = BrowserTableViewController.swift; sourceTree = "<group>"; };
		D3E5EA171FC8FC0200E27037 /* BrowserTableViewCell.swift */ = {isa = PBXFileReference; lastKnownFileType = sourcecode.swift; path = BrowserTableViewCell.swift; sourceTree = "<group>"; };
		D3E5EA191FC905B200E27037 /* TextUtilities.swift */ = {isa = PBXFileReference; lastKnownFileType = sourcecode.swift; path = TextUtilities.swift; sourceTree = "<group>"; };
		D3E9C69C1FCCCBBE0052CE46 /* FlashcardSessionTests.swift */ = {isa = PBXFileReference; lastKnownFileType = sourcecode.swift; path = FlashcardSessionTests.swift; sourceTree = "<group>"; };
		D3F23E0A1FD436090061725D /* BrowserTitleHeaderView.swift */ = {isa = PBXFileReference; lastKnownFileType = sourcecode.swift; path = BrowserTitleHeaderView.swift; sourceTree = "<group>"; };
		D3F23E0C1FD4361E0061725D /* BrowserCollapsibleHeaderView.swift */ = {isa = PBXFileReference; lastKnownFileType = sourcecode.swift; path = BrowserCollapsibleHeaderView.swift; sourceTree = "<group>"; };
		D3F23E0E1FD436660061725D /* BrowserCollapsibleHeaderView.xib */ = {isa = PBXFileReference; lastKnownFileType = file.xib; path = BrowserCollapsibleHeaderView.xib; sourceTree = "<group>"; };
		D3F23E101FD436750061725D /* BrowserTitleHeaderView.xib */ = {isa = PBXFileReference; lastKnownFileType = file.xib; path = BrowserTitleHeaderView.xib; sourceTree = "<group>"; };
		D3FC30571FD4A4BB005E581D /* BrowserContentMarkdownSection.swift */ = {isa = PBXFileReference; lastKnownFileType = sourcecode.swift; path = BrowserContentMarkdownSection.swift; sourceTree = "<group>"; };
		D3FC30591FD4AC60005E581D /* CollapseHandler.swift */ = {isa = PBXFileReference; lastKnownFileType = sourcecode.swift; path = CollapseHandler.swift; sourceTree = "<group>"; };
		D3FC30681FD4B098005E581D /* LevelOne.bundle */ = {isa = PBXFileReference; lastKnownFileType = "wrapper.plug-in"; path = LevelOne.bundle; sourceTree = "<group>"; };
		DFB0B180BA43D1DB0D5D4B0B /* Pods-TheHerbalEscapeUITests.debug.xcconfig */ = {isa = PBXFileReference; includeInIndex = 1; lastKnownFileType = text.xcconfig; name = "Pods-TheHerbalEscapeUITests.debug.xcconfig"; path = "Pods/Target Support Files/Pods-TheHerbalEscapeUITests/Pods-TheHerbalEscapeUITests.debug.xcconfig"; sourceTree = "<group>"; };
		E517C4945453352CC93EBB80 /* Pods-TheHerbalEscape.debug.xcconfig */ = {isa = PBXFileReference; includeInIndex = 1; lastKnownFileType = text.xcconfig; name = "Pods-TheHerbalEscape.debug.xcconfig"; path = "Pods/Target Support Files/Pods-TheHerbalEscape/Pods-TheHerbalEscape.debug.xcconfig"; sourceTree = "<group>"; };
		F29C01CA2607FB37863A40AD /* Pods-TheHerbalEscapeUITests.release.xcconfig */ = {isa = PBXFileReference; includeInIndex = 1; lastKnownFileType = text.xcconfig; name = "Pods-TheHerbalEscapeUITests.release.xcconfig"; path = "Pods/Target Support Files/Pods-TheHerbalEscapeUITests/Pods-TheHerbalEscapeUITests.release.xcconfig"; sourceTree = "<group>"; };
/* End PBXFileReference section */

/* Begin PBXFrameworksBuildPhase section */
		D3B86E731FC8A8C200DF1723 /* Frameworks */ = {
			isa = PBXFrameworksBuildPhase;
			buildActionMask = 2147483647;
			files = (
				1A3E44EE686E3BBBD8F8C1B2 /* Pods_TheHerbalEscape.framework in Frameworks */,
			);
			runOnlyForDeploymentPostprocessing = 0;
		};
		D3B86E8A1FC8A8C300DF1723 /* Frameworks */ = {
			isa = PBXFrameworksBuildPhase;
			buildActionMask = 2147483647;
			files = (
				939C84065FD5E1D3D62984BF /* Pods_TheHerbalEscapeTests.framework in Frameworks */,
			);
			runOnlyForDeploymentPostprocessing = 0;
		};
		D3B86E951FC8A8C300DF1723 /* Frameworks */ = {
			isa = PBXFrameworksBuildPhase;
			buildActionMask = 2147483647;
			files = (
				EA3B76004C724BC9208D9AEE /* Pods_TheHerbalEscapeUITests.framework in Frameworks */,
			);
			runOnlyForDeploymentPostprocessing = 0;
		};
/* End PBXFrameworksBuildPhase section */

/* Begin PBXGroup section */
		27B3A7997AC4370882A72B8D /* Pods */ = {
			isa = PBXGroup;
			children = (
				E517C4945453352CC93EBB80 /* Pods-TheHerbalEscape.debug.xcconfig */,
				83024B29B84E848EF667612E /* Pods-TheHerbalEscape.release.xcconfig */,
				3EFB08A9D57FA54A6F064A69 /* Pods-TheHerbalEscapeTests.debug.xcconfig */,
				24DD31FBDB0516B3EDDFC5CC /* Pods-TheHerbalEscapeTests.release.xcconfig */,
				DFB0B180BA43D1DB0D5D4B0B /* Pods-TheHerbalEscapeUITests.debug.xcconfig */,
				F29C01CA2607FB37863A40AD /* Pods-TheHerbalEscapeUITests.release.xcconfig */,
			);
			name = Pods;
			sourceTree = "<group>";
		};
		5D352E1DA10F0B5F9BFA111B /* Frameworks */ = {
			isa = PBXGroup;
			children = (
				A6847C45EA1817D05B727DC6 /* Pods_TheHerbalEscape.framework */,
				D1441C67092958C3BDD1B364 /* Pods_TheHerbalEscapeTests.framework */,
				091649DB1DEEE8EFF8CF671A /* Pods_TheHerbalEscapeUITests.framework */,
			);
			name = Frameworks;
			sourceTree = "<group>";
		};
		D32BCB471FCB1DA500BE0A22 /* Flashcards */ = {
			isa = PBXGroup;
			children = (
				D32BCB481FCB1DF000BE0A22 /* Flashcards.storyboard */,
				D3DBF1AA1FCCAAA200A014F9 /* FlashcardsViewController.swift */,
			);
			path = Flashcards;
			sourceTree = "<group>";
		};
		D34C85EB1FD0D9FA0083B9E0 /* Utils */ = {
			isa = PBXGroup;
			children = (
				D34C85EC1FD0DA080083B9E0 /* Json.swift */,
				D3C1A5761FD2FB0D00C60824 /* String.swift */,
			);
			path = Utils;
			sourceTree = "<group>";
		};
		D3569B091FC982F40038EE6F /* Errors */ = {
			isa = PBXGroup;
			children = (
				D3569B0A1FC983010038EE6F /* CodingError.swift */,
			);
			path = Errors;
			sourceTree = "<group>";
		};
		D394CC171FCB8F7D00945D5A /* Progress */ = {
			isa = PBXGroup;
			children = (
				D394CC151FCB8DBB00945D5A /* FlashcardProgressModel.swift */,
				D394CC181FCB912E00945D5A /* ProgressController.swift */,
				D3DBF1A21FCCA52F00A014F9 /* IFlashcardSession.swift */,
				D3DBF1A41FCCA5DB00A014F9 /* FlashcardDifficulty.swift */,
				D3DBF1A61FCCA6D200A014F9 /* FlashcardSessionCard.swift */,
				D3DBF1A81FCCA7F300A014F9 /* FlashcardSessionCardSide.swift */,
				D3DBF1B31FCCBCDE00A014F9 /* iFlashcardProgressModel.swift */,
			);
			path = Progress;
			sourceTree = "<group>";
		};
		D3B86E6D1FC8A8C200DF1723 = {
			isa = PBXGroup;
			children = (
				D3B86E781FC8A8C300DF1723 /* TheHerbalEscape */,
				D3B86E901FC8A8C300DF1723 /* TheHerbalEscapeTests */,
				D3B86E9B1FC8A8C300DF1723 /* TheHerbalEscapeUITests */,
				D3B86E771FC8A8C300DF1723 /* Products */,
				27B3A7997AC4370882A72B8D /* Pods */,
				5D352E1DA10F0B5F9BFA111B /* Frameworks */,
			);
			sourceTree = "<group>";
		};
		D3B86E771FC8A8C300DF1723 /* Products */ = {
			isa = PBXGroup;
			children = (
				D3B86E761FC8A8C300DF1723 /* TheHerbalEscape.app */,
				D3B86E8D1FC8A8C300DF1723 /* TheHerbalEscapeTests.xctest */,
				D3B86E981FC8A8C300DF1723 /* TheHerbalEscapeUITests.xctest */,
			);
			name = Products;
			sourceTree = "<group>";
		};
		D3B86E781FC8A8C300DF1723 /* TheHerbalEscape */ = {
			isa = PBXGroup;
			children = (
				D3FC30681FD4B098005E581D /* LevelOne.bundle */,
				D34C85EB1FD0D9FA0083B9E0 /* Utils */,
				D3DBF1AC1FCCBBC000A014F9 /* Data */,
				D394CC171FCB8F7D00945D5A /* Progress */,
				D3569B091FC982F40038EE6F /* Errors */,
				D3E5EA101FC8F47E00E27037 /* Constants */,
				D3E5EA011FC8E97600E27037 /* Content */,
				D3B86EC01FC8C8A800DF1723 /* Experiences */,
				D3B86EBB1FC8AB7A00DF1723 /* Controls */,
				D3B86EAA1FC8A99000DF1723 /* Fonts */,
				D3B86E791FC8A8C300DF1723 /* AppDelegate.swift */,
				D3B86E7D1FC8A8C300DF1723 /* Main.storyboard */,
				D3B86E831FC8A8C300DF1723 /* Assets.xcassets */,
				D3B86E851FC8A8C300DF1723 /* LaunchScreen.storyboard */,
				D3B86E881FC8A8C300DF1723 /* Info.plist */,
				D3B86E801FC8A8C300DF1723 /* TheHerbalEscape.xcdatamodeld */,
				D3E5EA091FC8EE7F00E27037 /* Settings.bundle */,
			);
			path = TheHerbalEscape;
			sourceTree = "<group>";
		};
		D3B86E901FC8A8C300DF1723 /* TheHerbalEscapeTests */ = {
			isa = PBXGroup;
			children = (
				D3B86E911FC8A8C300DF1723 /* TheHerbalEscapeTests.swift */,
				D3E9C69C1FCCCBBE0052CE46 /* FlashcardSessionTests.swift */,
				D35B0A891FD2EA0800BD1F8F /* BrowserTextTests.swift */,
				D3B86E931FC8A8C300DF1723 /* Info.plist */,
			);
			path = TheHerbalEscapeTests;
			sourceTree = "<group>";
		};
		D3B86E9B1FC8A8C300DF1723 /* TheHerbalEscapeUITests */ = {
			isa = PBXGroup;
			children = (
				D3B86E9C1FC8A8C300DF1723 /* TheHerbalEscapeUITests.swift */,
				D3B86E9E1FC8A8C300DF1723 /* Info.plist */,
			);
			path = TheHerbalEscapeUITests;
			sourceTree = "<group>";
		};
		D3B86EAA1FC8A99000DF1723 /* Fonts */ = {
			isa = PBXGroup;
			children = (
			);
			path = Fonts;
			sourceTree = "<group>";
		};
		D3B86EBB1FC8AB7A00DF1723 /* Controls */ = {
			isa = PBXGroup;
			children = (
				D3E5EA191FC905B200E27037 /* TextUtilities.swift */,
			);
			path = Controls;
			sourceTree = "<group>";
		};
		D3B86EC01FC8C8A800DF1723 /* Experiences */ = {
			isa = PBXGroup;
			children = (
				D3CDE0331FCF42A9004DD8C4 /* Main */,
				D32BCB471FCB1DA500BE0A22 /* Flashcards */,
				D3E5EA0D1FC8F43C00E27037 /* Browser */,
			);
			path = Experiences;
			sourceTree = "<group>";
		};
		D3CDE0331FCF42A9004DD8C4 /* Main */ = {
			isa = PBXGroup;
			children = (
				D3CDE0341FCF42C5004DD8C4 /* MainViewController.swift */,
				D3CDE0361FCF4396004DD8C4 /* MenuButton.swift */,
			);
			path = Main;
			sourceTree = "<group>";
		};
		D3DBF1AC1FCCBBC000A014F9 /* Data */ = {
			isa = PBXGroup;
			children = (
				D3DBF1AD1FCCBBD300A014F9 /* DataController.swift */,
				D3DBF1AF1FCCBBF500A014F9 /* IDataController.swift */,
			);
			path = Data;
			sourceTree = "<group>";
		};
		D3E5EA011FC8E97600E27037 /* Content */ = {
			isa = PBXGroup;
			children = (
				D34C85E71FD0D80A0083B9E0 /* Plant.swift */,
				D3E5E9FF1FC8E8DC00E27037 /* Browsable.swift */,
				D321EE851FD4300A0082E8B9 /* EmptyBrowsable.swift */,
				D3C1A5701FD2F74000C60824 /* BrowserTextLink.swift */,
				D3C1A5721FD2F76F00C60824 /* BrowserTextHighlight.swift */,
				D3C1A5741FD2F78100C60824 /* BrowserTextHighlightType.swift */,
				D35B0A8B1FD2ED1100BD1F8F /* BrowserTextParagraph.swift */,
				D35B0A871FD2E98E00BD1F8F /* BrowserTextLayout.swift */,
				D321EE811FD42B8F0082E8B9 /* BrowserImage.swift */,
				D34C85E91FD0D8840083B9E0 /* BrowserContentSection.swift */,
				D31749A31FD3326500CB2942 /* BrowserContentElement.swift */,
				D3DBF1B51FCCC4DA00A014F9 /* IContentRepository.swift */,
				D3569B181FC9BE4A0038EE6F /* ContentRepository.swift */,
				D3FC30571FD4A4BB005E581D /* BrowserContentMarkdownSection.swift */,
			);
			path = Content;
			sourceTree = "<group>";
		};
		D3E5EA0D1FC8F43C00E27037 /* Browser */ = {
			isa = PBXGroup;
			children = (
				D3E5EA0E1FC8F45500E27037 /* Browser.storyboard */,
				D3E5EA151FC8F4DF00E27037 /* BrowserTableViewController.swift */,
				D3E5EA171FC8FC0200E27037 /* BrowserTableViewCell.swift */,
				D3569B141FC9B82F0038EE6F /* BrowserMasterViewController.swift */,
				D3569B161FC9B8AF0038EE6F /* BrowsableClient.swift */,
				D3569B261FCA4EF10038EE6F /* LinkHandler.swift */,
				D3569B281FCA4FEC0038EE6F /* LinkHandlerClient.swift */,
				D3FC30591FD4AC60005E581D /* CollapseHandler.swift */,
				D394CC031FCB2B5200945D5A /* BrowserContentPageTableViewController.swift */,
				D394CC0B1FCB2FD100945D5A /* BrowserContentPageImageTableViewCell.swift */,
				D394CC0F1FCB2FF200945D5A /* BrowserContentPageTextTableViewCell.swift */,
				D3F23E0A1FD436090061725D /* BrowserTitleHeaderView.swift */,
				D3F23E0C1FD4361E0061725D /* BrowserCollapsibleHeaderView.swift */,
				D3F23E0E1FD436660061725D /* BrowserCollapsibleHeaderView.xib */,
				D3F23E101FD436750061725D /* BrowserTitleHeaderView.xib */,
			);
			path = Browser;
			sourceTree = "<group>";
		};
		D3E5EA101FC8F47E00E27037 /* Constants */ = {
			isa = PBXGroup;
			children = (
				D3E5EA111FC8F49500E27037 /* ReuseIdentifiers.swift */,
				D3E5EA131FC8F4A000E27037 /* SegueIdentifiers.swift */,
				D3569AFB1FC972000038EE6F /* Regexes.swift */,
				D3569B101FC986E30038EE6F /* StoryboardIdentifiers.swift */,
				D3569B121FC997720038EE6F /* Experiences.swift */,
				D3569B1A1FC9FB580038EE6F /* Colors.swift */,
				D3569B201FCA37420038EE6F /* FontSizes.swift */,
				D3569B221FCA3A2B0038EE6F /* FontNames.swift */,
				D3DBF1B11FCCBC1800A014F9 /* CoreDataConstants.swift */,
			);
			path = Constants;
			sourceTree = "<group>";
		};
/* End PBXGroup section */

/* Begin PBXNativeTarget section */
		D3B86E751FC8A8C200DF1723 /* TheHerbalEscape */ = {
			isa = PBXNativeTarget;
			buildConfigurationList = D3B86EA11FC8A8C300DF1723 /* Build configuration list for PBXNativeTarget "TheHerbalEscape" */;
			buildPhases = (
				B85EB84AE28730EF98C71B29 /* [CP] Check Pods Manifest.lock */,
				D3B86E721FC8A8C200DF1723 /* Sources */,
				D3B86E731FC8A8C200DF1723 /* Frameworks */,
				D3B86E741FC8A8C200DF1723 /* Resources */,
				166058317967549E9C4642D9 /* [CP] Embed Pods Frameworks */,
				42AEDA4E5341BA8219BAC07D /* [CP] Copy Pods Resources */,
			);
			buildRules = (
			);
			dependencies = (
			);
			name = TheHerbalEscape;
			productName = TheHerbalEscape;
			productReference = D3B86E761FC8A8C300DF1723 /* TheHerbalEscape.app */;
			productType = "com.apple.product-type.application";
		};
		D3B86E8C1FC8A8C300DF1723 /* TheHerbalEscapeTests */ = {
			isa = PBXNativeTarget;
			buildConfigurationList = D3B86EA41FC8A8C300DF1723 /* Build configuration list for PBXNativeTarget "TheHerbalEscapeTests" */;
			buildPhases = (
				BA066760BFEFCEE008795CBA /* [CP] Check Pods Manifest.lock */,
				D3B86E891FC8A8C300DF1723 /* Sources */,
				D3B86E8A1FC8A8C300DF1723 /* Frameworks */,
				D3B86E8B1FC8A8C300DF1723 /* Resources */,
				C00B7B23711D324018C879AC /* [CP] Embed Pods Frameworks */,
				A0C31F3338C6407955114440 /* [CP] Copy Pods Resources */,
			);
			buildRules = (
			);
			dependencies = (
				D3B86E8F1FC8A8C300DF1723 /* PBXTargetDependency */,
			);
			name = TheHerbalEscapeTests;
			productName = TheHerbalEscapeTests;
			productReference = D3B86E8D1FC8A8C300DF1723 /* TheHerbalEscapeTests.xctest */;
			productType = "com.apple.product-type.bundle.unit-test";
		};
		D3B86E971FC8A8C300DF1723 /* TheHerbalEscapeUITests */ = {
			isa = PBXNativeTarget;
			buildConfigurationList = D3B86EA71FC8A8C300DF1723 /* Build configuration list for PBXNativeTarget "TheHerbalEscapeUITests" */;
			buildPhases = (
				C9E45F065D9EC1466A1C5575 /* [CP] Check Pods Manifest.lock */,
				D3B86E941FC8A8C300DF1723 /* Sources */,
				D3B86E951FC8A8C300DF1723 /* Frameworks */,
				D3B86E961FC8A8C300DF1723 /* Resources */,
				6BC7D9AE97FFC6704FC1C22B /* [CP] Embed Pods Frameworks */,
				87F5D41E93724D45DDA86694 /* [CP] Copy Pods Resources */,
			);
			buildRules = (
			);
			dependencies = (
				D3B86E9A1FC8A8C300DF1723 /* PBXTargetDependency */,
			);
			name = TheHerbalEscapeUITests;
			productName = TheHerbalEscapeUITests;
			productReference = D3B86E981FC8A8C300DF1723 /* TheHerbalEscapeUITests.xctest */;
			productType = "com.apple.product-type.bundle.ui-testing";
		};
/* End PBXNativeTarget section */

/* Begin PBXProject section */
		D3B86E6E1FC8A8C200DF1723 /* Project object */ = {
			isa = PBXProject;
			attributes = {
				LastSwiftUpdateCheck = 0910;
				LastUpgradeCheck = 0910;
				ORGANIZATIONNAME = "Oliver Samson";
				TargetAttributes = {
					D3B86E751FC8A8C200DF1723 = {
						CreatedOnToolsVersion = 9.1;
						ProvisioningStyle = Automatic;
					};
					D3B86E8C1FC8A8C300DF1723 = {
						CreatedOnToolsVersion = 9.1;
						ProvisioningStyle = Automatic;
						TestTargetID = D3B86E751FC8A8C200DF1723;
					};
					D3B86E971FC8A8C300DF1723 = {
						CreatedOnToolsVersion = 9.1;
						ProvisioningStyle = Automatic;
						TestTargetID = D3B86E751FC8A8C200DF1723;
					};
				};
			};
			buildConfigurationList = D3B86E711FC8A8C200DF1723 /* Build configuration list for PBXProject "TheHerbalEscape" */;
			compatibilityVersion = "Xcode 8.0";
			developmentRegion = en;
			hasScannedForEncodings = 0;
			knownRegions = (
				en,
				Base,
			);
			mainGroup = D3B86E6D1FC8A8C200DF1723;
			productRefGroup = D3B86E771FC8A8C300DF1723 /* Products */;
			projectDirPath = "";
			projectRoot = "";
			targets = (
				D3B86E751FC8A8C200DF1723 /* TheHerbalEscape */,
				D3B86E8C1FC8A8C300DF1723 /* TheHerbalEscapeTests */,
				D3B86E971FC8A8C300DF1723 /* TheHerbalEscapeUITests */,
			);
		};
/* End PBXProject section */

/* Begin PBXResourcesBuildPhase section */
		D3B86E741FC8A8C200DF1723 /* Resources */ = {
			isa = PBXResourcesBuildPhase;
			buildActionMask = 2147483647;
			files = (
				D3F23E0F1FD436660061725D /* BrowserCollapsibleHeaderView.xib in Resources */,
				D3E5EA0F1FC8F45500E27037 /* Browser.storyboard in Resources */,
				D3B86E871FC8A8C300DF1723 /* LaunchScreen.storyboard in Resources */,
				D3B86E841FC8A8C300DF1723 /* Assets.xcassets in Resources */,
				D3FC30691FD4B099005E581D /* LevelOne.bundle in Resources */,
				D3E5EA0A1FC8EE7F00E27037 /* Settings.bundle in Resources */,
				D3F23E111FD436750061725D /* BrowserTitleHeaderView.xib in Resources */,
				D3B86E7F1FC8A8C300DF1723 /* Main.storyboard in Resources */,
				D32BCB491FCB1DF000BE0A22 /* Flashcards.storyboard in Resources */,
			);
			runOnlyForDeploymentPostprocessing = 0;
		};
		D3B86E8B1FC8A8C300DF1723 /* Resources */ = {
			isa = PBXResourcesBuildPhase;
			buildActionMask = 2147483647;
			files = (
			);
			runOnlyForDeploymentPostprocessing = 0;
		};
		D3B86E961FC8A8C300DF1723 /* Resources */ = {
			isa = PBXResourcesBuildPhase;
			buildActionMask = 2147483647;
			files = (
			);
			runOnlyForDeploymentPostprocessing = 0;
		};
/* End PBXResourcesBuildPhase section */

/* Begin PBXShellScriptBuildPhase section */
		166058317967549E9C4642D9 /* [CP] Embed Pods Frameworks */ = {
			isa = PBXShellScriptBuildPhase;
			buildActionMask = 2147483647;
			files = (
			);
			inputPaths = (
				"${SRCROOT}/Pods/Target Support Files/Pods-TheHerbalEscape/Pods-TheHerbalEscape-frameworks.sh",
				"${BUILT_PRODUCTS_DIR}/PureLayout/PureLayout.framework",
			);
			name = "[CP] Embed Pods Frameworks";
			outputPaths = (
				"${TARGET_BUILD_DIR}/${FRAMEWORKS_FOLDER_PATH}/PureLayout.framework",
			);
			runOnlyForDeploymentPostprocessing = 0;
			shellPath = /bin/sh;
			shellScript = "\"${SRCROOT}/Pods/Target Support Files/Pods-TheHerbalEscape/Pods-TheHerbalEscape-frameworks.sh\"\n";
			showEnvVarsInLog = 0;
		};
		42AEDA4E5341BA8219BAC07D /* [CP] Copy Pods Resources */ = {
			isa = PBXShellScriptBuildPhase;
			buildActionMask = 2147483647;
			files = (
			);
			inputPaths = (
			);
			name = "[CP] Copy Pods Resources";
			outputPaths = (
			);
			runOnlyForDeploymentPostprocessing = 0;
			shellPath = /bin/sh;
			shellScript = "\"${SRCROOT}/Pods/Target Support Files/Pods-TheHerbalEscape/Pods-TheHerbalEscape-resources.sh\"\n";
			showEnvVarsInLog = 0;
		};
		6BC7D9AE97FFC6704FC1C22B /* [CP] Embed Pods Frameworks */ = {
			isa = PBXShellScriptBuildPhase;
			buildActionMask = 2147483647;
			files = (
			);
			inputPaths = (
			);
			name = "[CP] Embed Pods Frameworks";
			outputPaths = (
			);
			runOnlyForDeploymentPostprocessing = 0;
			shellPath = /bin/sh;
			shellScript = "\"${SRCROOT}/Pods/Target Support Files/Pods-TheHerbalEscapeUITests/Pods-TheHerbalEscapeUITests-frameworks.sh\"\n";
			showEnvVarsInLog = 0;
		};
		87F5D41E93724D45DDA86694 /* [CP] Copy Pods Resources */ = {
			isa = PBXShellScriptBuildPhase;
			buildActionMask = 2147483647;
			files = (
			);
			inputPaths = (
			);
			name = "[CP] Copy Pods Resources";
			outputPaths = (
			);
			runOnlyForDeploymentPostprocessing = 0;
			shellPath = /bin/sh;
			shellScript = "\"${SRCROOT}/Pods/Target Support Files/Pods-TheHerbalEscapeUITests/Pods-TheHerbalEscapeUITests-resources.sh\"\n";
			showEnvVarsInLog = 0;
		};
		A0C31F3338C6407955114440 /* [CP] Copy Pods Resources */ = {
			isa = PBXShellScriptBuildPhase;
			buildActionMask = 2147483647;
			files = (
			);
			inputPaths = (
			);
			name = "[CP] Copy Pods Resources";
			outputPaths = (
			);
			runOnlyForDeploymentPostprocessing = 0;
			shellPath = /bin/sh;
			shellScript = "\"${SRCROOT}/Pods/Target Support Files/Pods-TheHerbalEscapeTests/Pods-TheHerbalEscapeTests-resources.sh\"\n";
			showEnvVarsInLog = 0;
		};
		B85EB84AE28730EF98C71B29 /* [CP] Check Pods Manifest.lock */ = {
			isa = PBXShellScriptBuildPhase;
			buildActionMask = 2147483647;
			files = (
			);
			inputPaths = (
				"${PODS_PODFILE_DIR_PATH}/Podfile.lock",
				"${PODS_ROOT}/Manifest.lock",
			);
			name = "[CP] Check Pods Manifest.lock";
			outputPaths = (
				"$(DERIVED_FILE_DIR)/Pods-TheHerbalEscape-checkManifestLockResult.txt",
			);
			runOnlyForDeploymentPostprocessing = 0;
			shellPath = /bin/sh;
			shellScript = "diff \"${PODS_PODFILE_DIR_PATH}/Podfile.lock\" \"${PODS_ROOT}/Manifest.lock\" > /dev/null\nif [ $? != 0 ] ; then\n    # print error to STDERR\n    echo \"error: The sandbox is not in sync with the Podfile.lock. Run 'pod install' or update your CocoaPods installation.\" >&2\n    exit 1\nfi\n# This output is used by Xcode 'outputs' to avoid re-running this script phase.\necho \"SUCCESS\" > \"${SCRIPT_OUTPUT_FILE_0}\"\n";
			showEnvVarsInLog = 0;
		};
		BA066760BFEFCEE008795CBA /* [CP] Check Pods Manifest.lock */ = {
			isa = PBXShellScriptBuildPhase;
			buildActionMask = 2147483647;
			files = (
			);
			inputPaths = (
				"${PODS_PODFILE_DIR_PATH}/Podfile.lock",
				"${PODS_ROOT}/Manifest.lock",
			);
			name = "[CP] Check Pods Manifest.lock";
			outputPaths = (
				"$(DERIVED_FILE_DIR)/Pods-TheHerbalEscapeTests-checkManifestLockResult.txt",
			);
			runOnlyForDeploymentPostprocessing = 0;
			shellPath = /bin/sh;
			shellScript = "diff \"${PODS_PODFILE_DIR_PATH}/Podfile.lock\" \"${PODS_ROOT}/Manifest.lock\" > /dev/null\nif [ $? != 0 ] ; then\n    # print error to STDERR\n    echo \"error: The sandbox is not in sync with the Podfile.lock. Run 'pod install' or update your CocoaPods installation.\" >&2\n    exit 1\nfi\n# This output is used by Xcode 'outputs' to avoid re-running this script phase.\necho \"SUCCESS\" > \"${SCRIPT_OUTPUT_FILE_0}\"\n";
			showEnvVarsInLog = 0;
		};
		C00B7B23711D324018C879AC /* [CP] Embed Pods Frameworks */ = {
			isa = PBXShellScriptBuildPhase;
			buildActionMask = 2147483647;
			files = (
			);
			inputPaths = (
			);
			name = "[CP] Embed Pods Frameworks";
			outputPaths = (
			);
			runOnlyForDeploymentPostprocessing = 0;
			shellPath = /bin/sh;
			shellScript = "\"${SRCROOT}/Pods/Target Support Files/Pods-TheHerbalEscapeTests/Pods-TheHerbalEscapeTests-frameworks.sh\"\n";
			showEnvVarsInLog = 0;
		};
		C9E45F065D9EC1466A1C5575 /* [CP] Check Pods Manifest.lock */ = {
			isa = PBXShellScriptBuildPhase;
			buildActionMask = 2147483647;
			files = (
			);
			inputPaths = (
				"${PODS_PODFILE_DIR_PATH}/Podfile.lock",
				"${PODS_ROOT}/Manifest.lock",
			);
			name = "[CP] Check Pods Manifest.lock";
			outputPaths = (
				"$(DERIVED_FILE_DIR)/Pods-TheHerbalEscapeUITests-checkManifestLockResult.txt",
			);
			runOnlyForDeploymentPostprocessing = 0;
			shellPath = /bin/sh;
			shellScript = "diff \"${PODS_PODFILE_DIR_PATH}/Podfile.lock\" \"${PODS_ROOT}/Manifest.lock\" > /dev/null\nif [ $? != 0 ] ; then\n    # print error to STDERR\n    echo \"error: The sandbox is not in sync with the Podfile.lock. Run 'pod install' or update your CocoaPods installation.\" >&2\n    exit 1\nfi\n# This output is used by Xcode 'outputs' to avoid re-running this script phase.\necho \"SUCCESS\" > \"${SCRIPT_OUTPUT_FILE_0}\"\n";
			showEnvVarsInLog = 0;
		};
/* End PBXShellScriptBuildPhase section */

/* Begin PBXSourcesBuildPhase section */
		D3B86E721FC8A8C200DF1723 /* Sources */ = {
			isa = PBXSourcesBuildPhase;
			buildActionMask = 2147483647;
			files = (
				D34C85ED1FD0DA080083B9E0 /* Json.swift in Sources */,
				D3569AFC1FC972000038EE6F /* Regexes.swift in Sources */,
				D3DBF1B21FCCBC1800A014F9 /* CoreDataConstants.swift in Sources */,
				D3DBF1AB1FCCAAA200A014F9 /* FlashcardsViewController.swift in Sources */,
				D394CC101FCB2FF200945D5A /* BrowserContentPageTextTableViewCell.swift in Sources */,
				D3569B271FCA4EF10038EE6F /* LinkHandler.swift in Sources */,
				D3DBF1A71FCCA6D200A014F9 /* FlashcardSessionCard.swift in Sources */,
				D3E5EA121FC8F49500E27037 /* ReuseIdentifiers.swift in Sources */,
				D321EE821FD42B8F0082E8B9 /* BrowserImage.swift in Sources */,
				D3DBF1B41FCCBCDE00A014F9 /* iFlashcardProgressModel.swift in Sources */,
				D3569B0B1FC983010038EE6F /* CodingError.swift in Sources */,
				D3CDE0351FCF42C5004DD8C4 /* MainViewController.swift in Sources */,
				D3C1A5731FD2F76F00C60824 /* BrowserTextHighlight.swift in Sources */,
				D3FC30581FD4A4BB005E581D /* BrowserContentMarkdownSection.swift in Sources */,
				D3E5EA141FC8F4A000E27037 /* SegueIdentifiers.swift in Sources */,
				D34C85EA1FD0D8840083B9E0 /* BrowserContentSection.swift in Sources */,
				D321EE861FD4300A0082E8B9 /* EmptyBrowsable.swift in Sources */,
				D394CC041FCB2B5200945D5A /* BrowserContentPageTableViewController.swift in Sources */,
				D35B0A881FD2E98E00BD1F8F /* BrowserTextLayout.swift in Sources */,
				D3F23E0B1FD436090061725D /* BrowserTitleHeaderView.swift in Sources */,
				D3E5EA1A1FC905B200E27037 /* TextUtilities.swift in Sources */,
				D3569B151FC9B82F0038EE6F /* BrowserMasterViewController.swift in Sources */,
				D31749A41FD3326500CB2942 /* BrowserContentElement.swift in Sources */,
				D3DBF1A51FCCA5DB00A014F9 /* FlashcardDifficulty.swift in Sources */,
				D394CC0C1FCB2FD100945D5A /* BrowserContentPageImageTableViewCell.swift in Sources */,
				D3B86E821FC8A8C300DF1723 /* TheHerbalEscape.xcdatamodeld in Sources */,
				D3569B191FC9BE4A0038EE6F /* ContentRepository.swift in Sources */,
				D35B0A8C1FD2ED1100BD1F8F /* BrowserTextParagraph.swift in Sources */,
				D3DBF1B01FCCBBF500A014F9 /* IDataController.swift in Sources */,
				D34C85E81FD0D80A0083B9E0 /* Plant.swift in Sources */,
				D394CC191FCB912E00945D5A /* ProgressController.swift in Sources */,
				D3569B291FCA4FEC0038EE6F /* LinkHandlerClient.swift in Sources */,
				D3569B211FCA37420038EE6F /* FontSizes.swift in Sources */,
				D3CDE0371FCF4396004DD8C4 /* MenuButton.swift in Sources */,
				D3569B231FCA3A2B0038EE6F /* FontNames.swift in Sources */,
				D3569B111FC986E30038EE6F /* StoryboardIdentifiers.swift in Sources */,
				D394CC161FCB8DBB00945D5A /* FlashcardProgressModel.swift in Sources */,
				D3569B131FC997720038EE6F /* Experiences.swift in Sources */,
				D3DBF1A91FCCA7F300A014F9 /* FlashcardSessionCardSide.swift in Sources */,
				D3C1A5771FD2FB0D00C60824 /* String.swift in Sources */,
				D3FC305A1FD4AC60005E581D /* CollapseHandler.swift in Sources */,
				D3F23E0D1FD4361E0061725D /* BrowserCollapsibleHeaderView.swift in Sources */,
				D3DBF1AE1FCCBBD300A014F9 /* DataController.swift in Sources */,
				D3C1A5751FD2F78100C60824 /* BrowserTextHighlightType.swift in Sources */,
				D3569B1B1FC9FB580038EE6F /* Colors.swift in Sources */,
				D3E5EA181FC8FC0200E27037 /* BrowserTableViewCell.swift in Sources */,
				D3DBF1B61FCCC4DA00A014F9 /* IContentRepository.swift in Sources */,
				D3569B171FC9B8AF0038EE6F /* BrowsableClient.swift in Sources */,
				D3C1A5711FD2F74000C60824 /* BrowserTextLink.swift in Sources */,
				D3DBF1A31FCCA52F00A014F9 /* IFlashcardSession.swift in Sources */,
				D3E5EA001FC8E8DC00E27037 /* Browsable.swift in Sources */,
				D3E5EA161FC8F4DF00E27037 /* BrowserTableViewController.swift in Sources */,
				D3B86E7A1FC8A8C300DF1723 /* AppDelegate.swift in Sources */,
			);
			runOnlyForDeploymentPostprocessing = 0;
		};
		D3B86E891FC8A8C300DF1723 /* Sources */ = {
			isa = PBXSourcesBuildPhase;
			buildActionMask = 2147483647;
			files = (
				D3B86E921FC8A8C300DF1723 /* TheHerbalEscapeTests.swift in Sources */,
				D3E9C69D1FCCCBBE0052CE46 /* FlashcardSessionTests.swift in Sources */,
				D35B0A8A1FD2EA0800BD1F8F /* BrowserTextTests.swift in Sources */,
			);
			runOnlyForDeploymentPostprocessing = 0;
		};
		D3B86E941FC8A8C300DF1723 /* Sources */ = {
			isa = PBXSourcesBuildPhase;
			buildActionMask = 2147483647;
			files = (
				D3B86E9D1FC8A8C300DF1723 /* TheHerbalEscapeUITests.swift in Sources */,
			);
			runOnlyForDeploymentPostprocessing = 0;
		};
/* End PBXSourcesBuildPhase section */

/* Begin PBXTargetDependency section */
		D3B86E8F1FC8A8C300DF1723 /* PBXTargetDependency */ = {
			isa = PBXTargetDependency;
			target = D3B86E751FC8A8C200DF1723 /* TheHerbalEscape */;
			targetProxy = D3B86E8E1FC8A8C300DF1723 /* PBXContainerItemProxy */;
		};
		D3B86E9A1FC8A8C300DF1723 /* PBXTargetDependency */ = {
			isa = PBXTargetDependency;
			target = D3B86E751FC8A8C200DF1723 /* TheHerbalEscape */;
			targetProxy = D3B86E991FC8A8C300DF1723 /* PBXContainerItemProxy */;
		};
/* End PBXTargetDependency section */

/* Begin PBXVariantGroup section */
		D3B86E7D1FC8A8C300DF1723 /* Main.storyboard */ = {
			isa = PBXVariantGroup;
			children = (
				D3B86E7E1FC8A8C300DF1723 /* Base */,
			);
			name = Main.storyboard;
			sourceTree = "<group>";
		};
		D3B86E851FC8A8C300DF1723 /* LaunchScreen.storyboard */ = {
			isa = PBXVariantGroup;
			children = (
				D3B86E861FC8A8C300DF1723 /* Base */,
			);
			name = LaunchScreen.storyboard;
			sourceTree = "<group>";
		};
/* End PBXVariantGroup section */

/* Begin XCBuildConfiguration section */
		D3B86E9F1FC8A8C300DF1723 /* Debug */ = {
			isa = XCBuildConfiguration;
			buildSettings = {
				ALWAYS_SEARCH_USER_PATHS = NO;
				CLANG_ANALYZER_NONNULL = YES;
				CLANG_ANALYZER_NUMBER_OBJECT_CONVERSION = YES_AGGRESSIVE;
				CLANG_CXX_LANGUAGE_STANDARD = "gnu++14";
				CLANG_CXX_LIBRARY = "libc++";
				CLANG_ENABLE_MODULES = YES;
				CLANG_ENABLE_OBJC_ARC = YES;
				CLANG_WARN_BLOCK_CAPTURE_AUTORELEASING = YES;
				CLANG_WARN_BOOL_CONVERSION = YES;
				CLANG_WARN_COMMA = YES;
				CLANG_WARN_CONSTANT_CONVERSION = YES;
				CLANG_WARN_DIRECT_OBJC_ISA_USAGE = YES_ERROR;
				CLANG_WARN_DOCUMENTATION_COMMENTS = YES;
				CLANG_WARN_EMPTY_BODY = YES;
				CLANG_WARN_ENUM_CONVERSION = YES;
				CLANG_WARN_INFINITE_RECURSION = YES;
				CLANG_WARN_INT_CONVERSION = YES;
				CLANG_WARN_NON_LITERAL_NULL_CONVERSION = YES;
				CLANG_WARN_OBJC_LITERAL_CONVERSION = YES;
				CLANG_WARN_OBJC_ROOT_CLASS = YES_ERROR;
				CLANG_WARN_RANGE_LOOP_ANALYSIS = YES;
				CLANG_WARN_STRICT_PROTOTYPES = YES;
				CLANG_WARN_SUSPICIOUS_MOVE = YES;
				CLANG_WARN_UNGUARDED_AVAILABILITY = YES_AGGRESSIVE;
				CLANG_WARN_UNREACHABLE_CODE = YES;
				CLANG_WARN__DUPLICATE_METHOD_MATCH = YES;
				CODE_SIGN_IDENTITY = "iPhone Developer";
				COPY_PHASE_STRIP = NO;
				DEBUG_INFORMATION_FORMAT = dwarf;
				ENABLE_STRICT_OBJC_MSGSEND = YES;
				ENABLE_TESTABILITY = YES;
				GCC_C_LANGUAGE_STANDARD = gnu11;
				GCC_DYNAMIC_NO_PIC = NO;
				GCC_NO_COMMON_BLOCKS = YES;
				GCC_OPTIMIZATION_LEVEL = 0;
				GCC_PREPROCESSOR_DEFINITIONS = (
					"DEBUG=1",
					"$(inherited)",
				);
				GCC_WARN_64_TO_32_BIT_CONVERSION = YES;
				GCC_WARN_ABOUT_RETURN_TYPE = YES_ERROR;
				GCC_WARN_UNDECLARED_SELECTOR = YES;
				GCC_WARN_UNINITIALIZED_AUTOS = YES_AGGRESSIVE;
				GCC_WARN_UNUSED_FUNCTION = YES;
				GCC_WARN_UNUSED_VARIABLE = YES;
				IPHONEOS_DEPLOYMENT_TARGET = 11.1;
				MTL_ENABLE_DEBUG_INFO = YES;
				ONLY_ACTIVE_ARCH = YES;
				SDKROOT = iphoneos;
				SWIFT_ACTIVE_COMPILATION_CONDITIONS = DEBUG;
				SWIFT_OPTIMIZATION_LEVEL = "-Onone";
			};
			name = Debug;
		};
		D3B86EA01FC8A8C300DF1723 /* Release */ = {
			isa = XCBuildConfiguration;
			buildSettings = {
				ALWAYS_SEARCH_USER_PATHS = NO;
				CLANG_ANALYZER_NONNULL = YES;
				CLANG_ANALYZER_NUMBER_OBJECT_CONVERSION = YES_AGGRESSIVE;
				CLANG_CXX_LANGUAGE_STANDARD = "gnu++14";
				CLANG_CXX_LIBRARY = "libc++";
				CLANG_ENABLE_MODULES = YES;
				CLANG_ENABLE_OBJC_ARC = YES;
				CLANG_WARN_BLOCK_CAPTURE_AUTORELEASING = YES;
				CLANG_WARN_BOOL_CONVERSION = YES;
				CLANG_WARN_COMMA = YES;
				CLANG_WARN_CONSTANT_CONVERSION = YES;
				CLANG_WARN_DIRECT_OBJC_ISA_USAGE = YES_ERROR;
				CLANG_WARN_DOCUMENTATION_COMMENTS = YES;
				CLANG_WARN_EMPTY_BODY = YES;
				CLANG_WARN_ENUM_CONVERSION = YES;
				CLANG_WARN_INFINITE_RECURSION = YES;
				CLANG_WARN_INT_CONVERSION = YES;
				CLANG_WARN_NON_LITERAL_NULL_CONVERSION = YES;
				CLANG_WARN_OBJC_LITERAL_CONVERSION = YES;
				CLANG_WARN_OBJC_ROOT_CLASS = YES_ERROR;
				CLANG_WARN_RANGE_LOOP_ANALYSIS = YES;
				CLANG_WARN_STRICT_PROTOTYPES = YES;
				CLANG_WARN_SUSPICIOUS_MOVE = YES;
				CLANG_WARN_UNGUARDED_AVAILABILITY = YES_AGGRESSIVE;
				CLANG_WARN_UNREACHABLE_CODE = YES;
				CLANG_WARN__DUPLICATE_METHOD_MATCH = YES;
				CODE_SIGN_IDENTITY = "iPhone Developer";
				COPY_PHASE_STRIP = NO;
				DEBUG_INFORMATION_FORMAT = "dwarf-with-dsym";
				ENABLE_NS_ASSERTIONS = NO;
				ENABLE_STRICT_OBJC_MSGSEND = YES;
				GCC_C_LANGUAGE_STANDARD = gnu11;
				GCC_NO_COMMON_BLOCKS = YES;
				GCC_WARN_64_TO_32_BIT_CONVERSION = YES;
				GCC_WARN_ABOUT_RETURN_TYPE = YES_ERROR;
				GCC_WARN_UNDECLARED_SELECTOR = YES;
				GCC_WARN_UNINITIALIZED_AUTOS = YES_AGGRESSIVE;
				GCC_WARN_UNUSED_FUNCTION = YES;
				GCC_WARN_UNUSED_VARIABLE = YES;
				IPHONEOS_DEPLOYMENT_TARGET = 11.1;
				MTL_ENABLE_DEBUG_INFO = NO;
				SDKROOT = iphoneos;
				SWIFT_OPTIMIZATION_LEVEL = "-Owholemodule";
				VALIDATE_PRODUCT = YES;
			};
			name = Release;
		};
		D3B86EA21FC8A8C300DF1723 /* Debug */ = {
			isa = XCBuildConfiguration;
			baseConfigurationReference = E517C4945453352CC93EBB80 /* Pods-TheHerbalEscape.debug.xcconfig */;
			buildSettings = {
				ASSETCATALOG_COMPILER_APPICON_NAME = AppIcon;
				CODE_SIGN_STYLE = Automatic;
				INFOPLIST_FILE = TheHerbalEscape/Info.plist;
				LD_RUNPATH_SEARCH_PATHS = "$(inherited) @executable_path/Frameworks";
				PRODUCT_BUNDLE_IDENTIFIER = rinsible.elk.TheHerbalEscape;
				PRODUCT_NAME = "$(TARGET_NAME)";
				SWIFT_VERSION = 4.0;
				TARGETED_DEVICE_FAMILY = "1,2";
			};
			name = Debug;
		};
		D3B86EA31FC8A8C300DF1723 /* Release */ = {
			isa = XCBuildConfiguration;
			baseConfigurationReference = 83024B29B84E848EF667612E /* Pods-TheHerbalEscape.release.xcconfig */;
			buildSettings = {
				ASSETCATALOG_COMPILER_APPICON_NAME = AppIcon;
				CODE_SIGN_STYLE = Automatic;
				INFOPLIST_FILE = TheHerbalEscape/Info.plist;
				LD_RUNPATH_SEARCH_PATHS = "$(inherited) @executable_path/Frameworks";
				PRODUCT_BUNDLE_IDENTIFIER = rinsible.elk.TheHerbalEscape;
				PRODUCT_NAME = "$(TARGET_NAME)";
				SWIFT_VERSION = 4.0;
				TARGETED_DEVICE_FAMILY = "1,2";
			};
			name = Release;
		};
		D3B86EA51FC8A8C300DF1723 /* Debug */ = {
			isa = XCBuildConfiguration;
			baseConfigurationReference = 3EFB08A9D57FA54A6F064A69 /* Pods-TheHerbalEscapeTests.debug.xcconfig */;
			buildSettings = {
				ALWAYS_EMBED_SWIFT_STANDARD_LIBRARIES = YES;
				BUNDLE_LOADER = "$(TEST_HOST)";
				CODE_SIGN_STYLE = Automatic;
				INFOPLIST_FILE = TheHerbalEscapeTests/Info.plist;
				LD_RUNPATH_SEARCH_PATHS = "$(inherited) @executable_path/Frameworks @loader_path/Frameworks";
				PRODUCT_BUNDLE_IDENTIFIER = rinsible.elk.TheHerbalEscapeTests;
				PRODUCT_NAME = "$(TARGET_NAME)";
				SWIFT_VERSION = 4.0;
				TARGETED_DEVICE_FAMILY = "1,2";
				TEST_HOST = "$(BUILT_PRODUCTS_DIR)/TheHerbalEscape.app/TheHerbalEscape";
			};
			name = Debug;
		};
		D3B86EA61FC8A8C300DF1723 /* Release */ = {
			isa = XCBuildConfiguration;
			baseConfigurationReference = 24DD31FBDB0516B3EDDFC5CC /* Pods-TheHerbalEscapeTests.release.xcconfig */;
			buildSettings = {
				ALWAYS_EMBED_SWIFT_STANDARD_LIBRARIES = YES;
				BUNDLE_LOADER = "$(TEST_HOST)";
				CODE_SIGN_STYLE = Automatic;
				INFOPLIST_FILE = TheHerbalEscapeTests/Info.plist;
				LD_RUNPATH_SEARCH_PATHS = "$(inherited) @executable_path/Frameworks @loader_path/Frameworks";
				PRODUCT_BUNDLE_IDENTIFIER = rinsible.elk.TheHerbalEscapeTests;
				PRODUCT_NAME = "$(TARGET_NAME)";
				SWIFT_VERSION = 4.0;
				TARGETED_DEVICE_FAMILY = "1,2";
				TEST_HOST = "$(BUILT_PRODUCTS_DIR)/TheHerbalEscape.app/TheHerbalEscape";
			};
			name = Release;
		};
		D3B86EA81FC8A8C300DF1723 /* Debug */ = {
			isa = XCBuildConfiguration;
			baseConfigurationReference = DFB0B180BA43D1DB0D5D4B0B /* Pods-TheHerbalEscapeUITests.debug.xcconfig */;
			buildSettings = {
				ALWAYS_EMBED_SWIFT_STANDARD_LIBRARIES = YES;
				CODE_SIGN_STYLE = Automatic;
				INFOPLIST_FILE = TheHerbalEscapeUITests/Info.plist;
				LD_RUNPATH_SEARCH_PATHS = "$(inherited) @executable_path/Frameworks @loader_path/Frameworks";
				PRODUCT_BUNDLE_IDENTIFIER = rinsible.elk.TheHerbalEscapeUITests;
				PRODUCT_NAME = "$(TARGET_NAME)";
				SWIFT_VERSION = 4.0;
				TARGETED_DEVICE_FAMILY = "1,2";
				TEST_TARGET_NAME = TheHerbalEscape;
			};
			name = Debug;
		};
		D3B86EA91FC8A8C300DF1723 /* Release */ = {
			isa = XCBuildConfiguration;
			baseConfigurationReference = F29C01CA2607FB37863A40AD /* Pods-TheHerbalEscapeUITests.release.xcconfig */;
			buildSettings = {
				ALWAYS_EMBED_SWIFT_STANDARD_LIBRARIES = YES;
				CODE_SIGN_STYLE = Automatic;
				INFOPLIST_FILE = TheHerbalEscapeUITests/Info.plist;
				LD_RUNPATH_SEARCH_PATHS = "$(inherited) @executable_path/Frameworks @loader_path/Frameworks";
				PRODUCT_BUNDLE_IDENTIFIER = rinsible.elk.TheHerbalEscapeUITests;
				PRODUCT_NAME = "$(TARGET_NAME)";
				SWIFT_VERSION = 4.0;
				TARGETED_DEVICE_FAMILY = "1,2";
				TEST_TARGET_NAME = TheHerbalEscape;
			};
			name = Release;
		};
/* End XCBuildConfiguration section */

/* Begin XCConfigurationList section */
		D3B86E711FC8A8C200DF1723 /* Build configuration list for PBXProject "TheHerbalEscape" */ = {
			isa = XCConfigurationList;
			buildConfigurations = (
				D3B86E9F1FC8A8C300DF1723 /* Debug */,
				D3B86EA01FC8A8C300DF1723 /* Release */,
			);
			defaultConfigurationIsVisible = 0;
			defaultConfigurationName = Release;
		};
		D3B86EA11FC8A8C300DF1723 /* Build configuration list for PBXNativeTarget "TheHerbalEscape" */ = {
			isa = XCConfigurationList;
			buildConfigurations = (
				D3B86EA21FC8A8C300DF1723 /* Debug */,
				D3B86EA31FC8A8C300DF1723 /* Release */,
			);
			defaultConfigurationIsVisible = 0;
			defaultConfigurationName = Release;
		};
		D3B86EA41FC8A8C300DF1723 /* Build configuration list for PBXNativeTarget "TheHerbalEscapeTests" */ = {
			isa = XCConfigurationList;
			buildConfigurations = (
				D3B86EA51FC8A8C300DF1723 /* Debug */,
				D3B86EA61FC8A8C300DF1723 /* Release */,
			);
			defaultConfigurationIsVisible = 0;
			defaultConfigurationName = Release;
		};
		D3B86EA71FC8A8C300DF1723 /* Build configuration list for PBXNativeTarget "TheHerbalEscapeUITests" */ = {
			isa = XCConfigurationList;
			buildConfigurations = (
				D3B86EA81FC8A8C300DF1723 /* Debug */,
				D3B86EA91FC8A8C300DF1723 /* Release */,
			);
			defaultConfigurationIsVisible = 0;
			defaultConfigurationName = Release;
		};
/* End XCConfigurationList section */

/* Begin XCVersionGroup section */
		D3B86E801FC8A8C300DF1723 /* TheHerbalEscape.xcdatamodeld */ = {
			isa = XCVersionGroup;
			children = (
				D3B86E811FC8A8C300DF1723 /* TheHerbalEscape.xcdatamodel */,
			);
			currentVersion = D3B86E811FC8A8C300DF1723 /* TheHerbalEscape.xcdatamodel */;
			path = TheHerbalEscape.xcdatamodeld;
			sourceTree = "<group>";
			versionGroupType = wrapper.xcdatamodel;
		};
/* End XCVersionGroup section */
	};
	rootObject = D3B86E6E1FC8A8C200DF1723 /* Project object */;
}
